
Microsoft Visual Studio Solution File, Format Version 12.00
# Visual Studio Version 16
VisualStudioVersion = 16.0.29920.165
MinimumVisualStudioVersion = 10.0.40219.1
Project("{FAE04EC0-301F-11D3-BF4B-00C04F79EFBC}") = "QAPAPI", "QAPAPI\QAPAPI.csproj", "{17A0B0C3-4FFE-470D-9E5B-F6F45B869274}"
EndProject
Global
	GlobalSection(SolutionConfigurationPlatforms) = preSolution
		Debug|Any CPU = Debug|Any CPU
		Release|Any CPU = Release|Any CPU
	EndGlobalSection
	GlobalSection(ProjectConfigurationPlatforms) = postSolution
		{17A0B0C3-4FFE-470D-9E5B-F6F45B869274}.Debug|Any CPU.ActiveCfg = Debug|Any CPU
		{17A0B0C3-4FFE-470D-9E5B-F6F45B869274}.Debug|Any CPU.Build.0 = Debug|Any CPU
		{17A0B0C3-4FFE-470D-9E5B-F6F45B869274}.Release|Any CPU.ActiveCfg = Release|Any CPU
		{17A0B0C3-4FFE-470D-9E5B-F6F45B869274}.Release|Any CPU.Build.0 = Release|Any CPU
	EndGlobalSection
	GlobalSection(SolutionProperties) = preSolution
		HideSolutionNode = FALSE
	EndGlobalSection
	GlobalSection(ExtensibilityGlobals) = postSolution
		SolutionGuid = {1B745DAD-711D-4654-9A01-7BDB0B0F7CCE}
	EndGlobalSection
EndGlobal
